
Microsoft Visual Studio Solution File, Format Version 12.00
# Visual Studio Version 17
VisualStudioVersion = 17.8.34316.72
MinimumVisualStudioVersion = 10.0.40219.1
Project("{9A19103F-16F7-4668-BE54-9A1E7A4F7556}") = "MyBlazorApp", "MyBlazorApp\MyBlazorApp.csproj", "{310F7A05-C171-4C71-BA3F-F7763E3AAB46}"
EndProject
Project("{FAE04EC0-301F-11D3-BF4B-00C04F79EFBC}") = "ViewModels", "ViewModels\ViewModels.csproj", "{B0F73BDD-FAA7-433D-AAC4-89C2B75395C2}"
EndProject
Project("{FAE04EC0-301F-11D3-BF4B-00C04F79EFBC}") = "Blazor.APIs", "Blazor.APIs\Blazor.APIs.csproj", "{37B5B953-8AF7-4EB2-AABA-956D9BB357E8}"
EndProject
Project("{FAE04EC0-301F-11D3-BF4B-00C04F79EFBC}") = "RepositoryLayer", "RepositoryLayer\RepositoryLayer.csproj", "{9EC2ECD0-992B-42F8-9A4A-AF7F7B82771F}"
EndProject
Project("{FAE04EC0-301F-11D3-BF4B-00C04F79EFBC}") = "Business", "Business\Business.csproj", "{A1E4F3A7-BAAF-4DFB-A29D-AB54F00A6300}"
EndProject
Global
	GlobalSection(SolutionConfigurationPlatforms) = preSolution
		Debug|Any CPU = Debug|Any CPU
		Release|Any CPU = Release|Any CPU
	EndGlobalSection
	GlobalSection(ProjectConfigurationPlatforms) = postSolution
		{310F7A05-C171-4C71-BA3F-F7763E3AAB46}.Debug|Any CPU.ActiveCfg = Debug|Any CPU
		{310F7A05-C171-4C71-BA3F-F7763E3AAB46}.Debug|Any CPU.Build.0 = Debug|Any CPU
		{310F7A05-C171-4C71-BA3F-F7763E3AAB46}.Release|Any CPU.ActiveCfg = Release|Any CPU
		{310F7A05-C171-4C71-BA3F-F7763E3AAB46}.Release|Any CPU.Build.0 = Release|Any CPU
		{B0F73BDD-FAA7-433D-AAC4-89C2B75395C2}.Debug|Any CPU.ActiveCfg = Debug|Any CPU
		{B0F73BDD-FAA7-433D-AAC4-89C2B75395C2}.Debug|Any CPU.Build.0 = Debug|Any CPU
		{B0F73BDD-FAA7-433D-AAC4-89C2B75395C2}.Release|Any CPU.ActiveCfg = Release|Any CPU
		{B0F73BDD-FAA7-433D-AAC4-89C2B75395C2}.Release|Any CPU.Build.0 = Release|Any CPU
		{37B5B953-8AF7-4EB2-AABA-956D9BB357E8}.Debug|Any CPU.ActiveCfg = Debug|Any CPU
		{37B5B953-8AF7-4EB2-AABA-956D9BB357E8}.Debug|Any CPU.Build.0 = Debug|Any CPU
		{37B5B953-8AF7-4EB2-AABA-956D9BB357E8}.Release|Any CPU.ActiveCfg = Release|Any CPU
		{37B5B953-8AF7-4EB2-AABA-956D9BB357E8}.Release|Any CPU.Build.0 = Release|Any CPU
		{9EC2ECD0-992B-42F8-9A4A-AF7F7B82771F}.Debug|Any CPU.ActiveCfg = Debug|Any CPU
		{9EC2ECD0-992B-42F8-9A4A-AF7F7B82771F}.Debug|Any CPU.Build.0 = Debug|Any CPU
		{9EC2ECD0-992B-42F8-9A4A-AF7F7B82771F}.Release|Any CPU.ActiveCfg = Release|Any CPU
		{9EC2ECD0-992B-42F8-9A4A-AF7F7B82771F}.Release|Any CPU.Build.0 = Release|Any CPU
		{A1E4F3A7-BAAF-4DFB-A29D-AB54F00A6300}.Debug|Any CPU.ActiveCfg = Debug|Any CPU
		{A1E4F3A7-BAAF-4DFB-A29D-AB54F00A6300}.Debug|Any CPU.Build.0 = Debug|Any CPU
		{A1E4F3A7-BAAF-4DFB-A29D-AB54F00A6300}.Release|Any CPU.ActiveCfg = Release|Any CPU
		{A1E4F3A7-BAAF-4DFB-A29D-AB54F00A6300}.Release|Any CPU.Build.0 = Release|Any CPU
	EndGlobalSection
	GlobalSection(SolutionProperties) = preSolution
		HideSolutionNode = FALSE
	EndGlobalSection
	GlobalSection(ExtensibilityGlobals) = postSolution
		SolutionGuid = {B28074E8-6069-4610-A78F-01955CDE4656}
	EndGlobalSection
EndGlobal
